
Microsoft Visual Studio Solution File, Format Version 12.00
# Visual Studio Version 17
VisualStudioVersion = 17.5.33627.172
MinimumVisualStudioVersion = 10.0.40219.1
Project("{FAE04EC0-301F-11D3-BF4B-00C04F79EFBC}") = "BuberBreakfast", "BuberBreakfast\BuberBreakfast.csproj", "{04F2BC01-7BCA-4788-93F8-306A6C772B5F}"
EndProject
Project("{FAE04EC0-301F-11D3-BF4B-00C04F79EFBC}") = "BuberBreakfast.Contracts", "BuberBreakfast.Contracts\BuberBreakfast.Contracts.csproj", "{2A104D01-3395-4D8F-A03B-0EDB69929FAE}"
EndProject
Global
	GlobalSection(SolutionConfigurationPlatforms) = preSolution
		Debug|Any CPU = Debug|Any CPU
		Release|Any CPU = Release|Any CPU
	EndGlobalSection
	GlobalSection(ProjectConfigurationPlatforms) = postSolution
		{04F2BC01-7BCA-4788-93F8-306A6C772B5F}.Debug|Any CPU.ActiveCfg = Debug|Any CPU
		{04F2BC01-7BCA-4788-93F8-306A6C772B5F}.Debug|Any CPU.Build.0 = Debug|Any CPU
		{04F2BC01-7BCA-4788-93F8-306A6C772B5F}.Release|Any CPU.ActiveCfg = Release|Any CPU
		{04F2BC01-7BCA-4788-93F8-306A6C772B5F}.Release|Any CPU.Build.0 = Release|Any CPU
		{2A104D01-3395-4D8F-A03B-0EDB69929FAE}.Debug|Any CPU.ActiveCfg = Debug|Any CPU
		{2A104D01-3395-4D8F-A03B-0EDB69929FAE}.Debug|Any CPU.Build.0 = Debug|Any CPU
		{2A104D01-3395-4D8F-A03B-0EDB69929FAE}.Release|Any CPU.ActiveCfg = Release|Any CPU
		{2A104D01-3395-4D8F-A03B-0EDB69929FAE}.Release|Any CPU.Build.0 = Release|Any CPU
	EndGlobalSection
	GlobalSection(SolutionProperties) = preSolution
		HideSolutionNode = FALSE
	EndGlobalSection
	GlobalSection(ExtensibilityGlobals) = postSolution
		SolutionGuid = {967091AC-976C-495F-8695-547776FE131C}
	EndGlobalSection
EndGlobal
